// !$*UTF8*$!
{
	archiveVersion = 1;
	classes = {
	};
	objectVersion = 56;
	objects = {

/* Begin PBXBuildFile section */
		EDC5F08D2ABBA6720087667F /* Yubi3App.swift in Sources */ = {isa = PBXBuildFile; fileRef = EDC5F08C2ABBA6720087667F /* Yubi3App.swift */; };
		EDC5F08F2ABBA6720087667F /* ContentView.swift in Sources */ = {isa = PBXBuildFile; fileRef = EDC5F08E2ABBA6720087667F /* ContentView.swift */; };
		EDC5F0932ABBA6730087667F /* Assets.xcassets in Resources */ = {isa = PBXBuildFile; fileRef = EDC5F0922ABBA6730087667F /* Assets.xcassets */; };
		EDC5F0962ABBA6730087667F /* Preview Assets.xcassets in Resources */ = {isa = PBXBuildFile; fileRef = EDC5F0952ABBA6730087667F /* Preview Assets.xcassets */; };
		EDE55F4F2ABBA723003935FA /* YubiKit in Frameworks */ = {isa = PBXBuildFile; productRef = EDE55F4E2ABBA723003935FA /* YubiKit */; };
		EDE55F542ABBAE08003935FA /* SmartCard.swift in Sources */ = {isa = PBXBuildFile; fileRef = EDE55F532ABBAE08003935FA /* SmartCard.swift */; };
		EDE55F562ABBBDFD003935FA /* Data+.swift in Sources */ = {isa = PBXBuildFile; fileRef = EDE55F552ABBBDFD003935FA /* Data+.swift */; };
		EDE55F582ABBC366003935FA /* SecKey+.swift in Sources */ = {isa = PBXBuildFile; fileRef = EDE55F572ABBC366003935FA /* SecKey+.swift */; };
		EDE55F5A2ABBEBFA003935FA /* Status.swift in Sources */ = {isa = PBXBuildFile; fileRef = EDE55F592ABBEBFA003935FA /* Status.swift */; };
/* End PBXBuildFile section */

/* Begin PBXFileReference section */
		EDC5F0892ABBA6720087667F /* Yubi3.app */ = {isa = PBXFileReference; explicitFileType = wrapper.application; includeInIndex = 0; path = Yubi3.app; sourceTree = BUILT_PRODUCTS_DIR; };
		EDC5F08C2ABBA6720087667F /* Yubi3App.swift */ = {isa = PBXFileReference; lastKnownFileType = sourcecode.swift; path = Yubi3App.swift; sourceTree = "<group>"; };
		EDC5F08E2ABBA6720087667F /* ContentView.swift */ = {isa = PBXFileReference; lastKnownFileType = sourcecode.swift; path = ContentView.swift; sourceTree = "<group>"; };
		EDC5F0922ABBA6730087667F /* Assets.xcassets */ = {isa = PBXFileReference; lastKnownFileType = folder.assetcatalog; path = Assets.xcassets; sourceTree = "<group>"; };
		EDC5F0952ABBA6730087667F /* Preview Assets.xcassets */ = {isa = PBXFileReference; lastKnownFileType = folder.assetcatalog; path = "Preview Assets.xcassets"; sourceTree = "<group>"; };
		EDE55F502ABBA77E003935FA /* Info.plist */ = {isa = PBXFileReference; lastKnownFileType = text.plist; path = Info.plist; sourceTree = "<group>"; };
		EDE55F512ABBA7F2003935FA /* Yubi3-Bridging-Header.h */ = {isa = PBXFileReference; lastKnownFileType = sourcecode.c.h; path = "Yubi3-Bridging-Header.h"; sourceTree = "<group>"; };
		EDE55F522ABBA8DC003935FA /* Yubi3.entitlements */ = {isa = PBXFileReference; lastKnownFileType = text.plist.entitlements; path = Yubi3.entitlements; sourceTree = "<group>"; };
		EDE55F532ABBAE08003935FA /* SmartCard.swift */ = {isa = PBXFileReference; lastKnownFileType = sourcecode.swift; path = SmartCard.swift; sourceTree = "<group>"; };
		EDE55F552ABBBDFD003935FA /* Data+.swift */ = {isa = PBXFileReference; lastKnownFileType = sourcecode.swift; path = "Data+.swift"; sourceTree = "<group>"; };
		EDE55F572ABBC366003935FA /* SecKey+.swift */ = {isa = PBXFileReference; lastKnownFileType = sourcecode.swift; path = "SecKey+.swift"; sourceTree = "<group>"; };
		EDE55F592ABBEBFA003935FA /* Status.swift */ = {isa = PBXFileReference; lastKnownFileType = sourcecode.swift; path = Status.swift; sourceTree = "<group>"; };
/* End PBXFileReference section */

/* Begin PBXFrameworksBuildPhase section */
		EDC5F0862ABBA6720087667F /* Frameworks */ = {
			isa = PBXFrameworksBuildPhase;
			buildActionMask = 2147483647;
			files = (
				EDE55F4F2ABBA723003935FA /* YubiKit in Frameworks */,
			);
			runOnlyForDeploymentPostprocessing = 0;
		};
/* End PBXFrameworksBuildPhase section */

/* Begin PBXGroup section */
		EDC5F0802ABBA6720087667F = {
			isa = PBXGroup;
			children = (
				EDC5F08B2ABBA6720087667F /* Yubi3 */,
				EDC5F08A2ABBA6720087667F /* Products */,
			);
			sourceTree = "<group>";
		};
		EDC5F08A2ABBA6720087667F /* Products */ = {
			isa = PBXGroup;
			children = (
				EDC5F0892ABBA6720087667F /* Yubi3.app */,
			);
			name = Products;
			sourceTree = "<group>";
		};
		EDC5F08B2ABBA6720087667F /* Yubi3 */ = {
			isa = PBXGroup;
			children = (
				EDE55F502ABBA77E003935FA /* Info.plist */,
				EDC5F08C2ABBA6720087667F /* Yubi3App.swift */,
				EDC5F08E2ABBA6720087667F /* ContentView.swift */,
				EDC5F0922ABBA6730087667F /* Assets.xcassets */,
				EDC5F0942ABBA6730087667F /* Preview Content */,
				EDE55F512ABBA7F2003935FA /* Yubi3-Bridging-Header.h */,
				EDE55F522ABBA8DC003935FA /* Yubi3.entitlements */,
				EDE55F532ABBAE08003935FA /* SmartCard.swift */,
				EDE55F552ABBBDFD003935FA /* Data+.swift */,
				EDE55F572ABBC366003935FA /* SecKey+.swift */,
				EDE55F592ABBEBFA003935FA /* Status.swift */,
			);
			path = Yubi3;
			sourceTree = "<group>";
		};
		EDC5F0942ABBA6730087667F /* Preview Content */ = {
			isa = PBXGroup;
			children = (
				EDC5F0952ABBA6730087667F /* Preview Assets.xcassets */,
			);
			path = "Preview Content";
			sourceTree = "<group>";
		};
/* End PBXGroup section */

/* Begin PBXNativeTarget section */
		EDC5F0882ABBA6720087667F /* Yubi3 */ = {
			isa = PBXNativeTarget;
			buildConfigurationList = EDC5F0992ABBA6730087667F /* Build configuration list for PBXNativeTarget "Yubi3" */;
			buildPhases = (
				EDC5F0852ABBA6720087667F /* Sources */,
				EDC5F0862ABBA6720087667F /* Frameworks */,
				EDC5F0872ABBA6720087667F /* Resources */,
			);
			buildRules = (
			);
			dependencies = (
			);
			name = Yubi3;
			packageProductDependencies = (
				EDE55F4E2ABBA723003935FA /* YubiKit */,
			);
			productName = Yubi3;
			productReference = EDC5F0892ABBA6720087667F /* Yubi3.app */;
			productType = "com.apple.product-type.application";
		};
/* End PBXNativeTarget section */

/* Begin PBXProject section */
		EDC5F0812ABBA6720087667F /* Project object */ = {
			isa = PBXProject;
			attributes = {
				BuildIndependentTargetsInParallel = 1;
				LastSwiftUpdateCheck = 1500;
				LastUpgradeCheck = 1500;
				TargetAttributes = {
					EDC5F0882ABBA6720087667F = {
						CreatedOnToolsVersion = 15.0;
					};
				};
			};
			buildConfigurationList = EDC5F0842ABBA6720087667F /* Build configuration list for PBXProject "Yubi3" */;
			compatibilityVersion = "Xcode 14.0";
			developmentRegion = en;
			hasScannedForEncodings = 0;
			knownRegions = (
				en,
				Base,
			);
			mainGroup = EDC5F0802ABBA6720087667F;
			packageReferences = (
				EDE55F4D2ABBA723003935FA /* XCRemoteSwiftPackageReference "yubikit-ios" */,
			);
			productRefGroup = EDC5F08A2ABBA6720087667F /* Products */;
			projectDirPath = "";
			projectRoot = "";
			targets = (
				EDC5F0882ABBA6720087667F /* Yubi3 */,
			);
		};
/* End PBXProject section */

/* Begin PBXResourcesBuildPhase section */
		EDC5F0872ABBA6720087667F /* Resources */ = {
			isa = PBXResourcesBuildPhase;
			buildActionMask = 2147483647;
			files = (
				EDC5F0962ABBA6730087667F /* Preview Assets.xcassets in Resources */,
				EDC5F0932ABBA6730087667F /* Assets.xcassets in Resources */,
			);
			runOnlyForDeploymentPostprocessing = 0;
		};
/* End PBXResourcesBuildPhase section */

/* Begin PBXSourcesBuildPhase section */
		EDC5F0852ABBA6720087667F /* Sources */ = {
			isa = PBXSourcesBuildPhase;
			buildActionMask = 2147483647;
			files = (
				EDC5F08F2ABBA6720087667F /* ContentView.swift in Sources */,
				EDE55F542ABBAE08003935FA /* SmartCard.swift in Sources */,
				EDC5F08D2ABBA6720087667F /* Yubi3App.swift in Sources */,
				EDE55F582ABBC366003935FA /* SecKey+.swift in Sources */,
				EDE55F562ABBBDFD003935FA /* Data+.swift in Sources */,
				EDE55F5A2ABBEBFA003935FA /* Status.swift in Sources */,
			);
			runOnlyForDeploymentPostprocessing = 0;
		};
/* End PBXSourcesBuildPhase section */

/* Begin XCBuildConfiguration section */
		EDC5F0972ABBA6730087667F /* Debug */ = {
			isa = XCBuildConfiguration;
			buildSettings = {
				ALWAYS_SEARCH_USER_PATHS = NO;
				ASSETCATALOG_COMPILER_GENERATE_SWIFT_ASSET_SYMBOL_EXTENSIONS = YES;
				CLANG_ANALYZER_NONNULL = YES;
				CLANG_ANALYZER_NUMBER_OBJECT_CONVERSION = YES_AGGRESSIVE;
				CLANG_CXX_LANGUAGE_STANDARD = "gnu++20";
				CLANG_ENABLE_MODULES = YES;
				CLANG_ENABLE_OBJC_ARC = YES;
				CLANG_ENABLE_OBJC_WEAK = YES;
				CLANG_WARN_BLOCK_CAPTURE_AUTORELEASING = YES;
				CLANG_WARN_BOOL_CONVERSION = YES;
				CLANG_WARN_COMMA = YES;
				CLANG_WARN_CONSTANT_CONVERSION = YES;
				CLANG_WARN_DEPRECATED_OBJC_IMPLEMENTATIONS = YES;
				CLANG_WARN_DIRECT_OBJC_ISA_USAGE = YES_ERROR;
				CLANG_WARN_DOCUMENTATION_COMMENTS = YES;
				CLANG_WARN_EMPTY_BODY = YES;
				CLANG_WARN_ENUM_CONVERSION = YES;
				CLANG_WARN_INFINITE_RECURSION = YES;
				CLANG_WARN_INT_CONVERSION = YES;
				CLANG_WARN_NON_LITERAL_NULL_CONVERSION = YES;
				CLANG_WARN_OBJC_IMPLICIT_RETAIN_SELF = YES;
				CLANG_WARN_OBJC_LITERAL_CONVERSION = YES;
				CLANG_WARN_OBJC_ROOT_CLASS = YES_ERROR;
				CLANG_WARN_QUOTED_INCLUDE_IN_FRAMEWORK_HEADER = YES;
				CLANG_WARN_RANGE_LOOP_ANALYSIS = YES;
				CLANG_WARN_STRICT_PROTOTYPES = YES;
				CLANG_WARN_SUSPICIOUS_MOVE = YES;
				CLANG_WARN_UNGUARDED_AVAILABILITY = YES_AGGRESSIVE;
				CLANG_WARN_UNREACHABLE_CODE = YES;
				CLANG_WARN__DUPLICATE_METHOD_MATCH = YES;
				COPY_PHASE_STRIP = NO;
				DEBUG_INFORMATION_FORMAT = dwarf;
				ENABLE_STRICT_OBJC_MSGSEND = YES;
				ENABLE_TESTABILITY = YES;
				ENABLE_USER_SCRIPT_SANDBOXING = YES;
				GCC_C_LANGUAGE_STANDARD = gnu17;
				GCC_DYNAMIC_NO_PIC = NO;
				GCC_NO_COMMON_BLOCKS = YES;
				GCC_OPTIMIZATION_LEVEL = 0;
				GCC_PREPROCESSOR_DEFINITIONS = (
					"DEBUG=1",
					"$(inherited)",
				);
				GCC_WARN_64_TO_32_BIT_CONVERSION = YES;
				GCC_WARN_ABOUT_RETURN_TYPE = YES_ERROR;
				GCC_WARN_UNDECLARED_SELECTOR = YES;
				GCC_WARN_UNINITIALIZED_AUTOS = YES_AGGRESSIVE;
				GCC_WARN_UNUSED_FUNCTION = YES;
				GCC_WARN_UNUSED_VARIABLE = YES;
				IPHONEOS_DEPLOYMENT_TARGET = 17.0;
				LOCALIZATION_PREFERS_STRING_CATALOGS = YES;
				MTL_ENABLE_DEBUG_INFO = INCLUDE_SOURCE;
				MTL_FAST_MATH = YES;
				ONLY_ACTIVE_ARCH = YES;
				SDKROOT = iphoneos;
				SWIFT_ACTIVE_COMPILATION_CONDITIONS = "DEBUG $(inherited)";
				SWIFT_OPTIMIZATION_LEVEL = "-Onone";
			};
			name = Debug;
		};
		EDC5F0982ABBA6730087667F /* Release */ = {
			isa = XCBuildConfiguration;
			buildSettings = {
				ALWAYS_SEARCH_USER_PATHS = NO;
				ASSETCATALOG_COMPILER_GENERATE_SWIFT_ASSET_SYMBOL_EXTENSIONS = YES;
				CLANG_ANALYZER_NONNULL = YES;
				CLANG_ANALYZER_NUMBER_OBJECT_CONVERSION = YES_AGGRESSIVE;
				CLANG_CXX_LANGUAGE_STANDARD = "gnu++20";
				CLANG_ENABLE_MODULES = YES;
				CLANG_ENABLE_OBJC_ARC = YES;
				CLANG_ENABLE_OBJC_WEAK = YES;
				CLANG_WARN_BLOCK_CAPTURE_AUTORELEASING = YES;
				CLANG_WARN_BOOL_CONVERSION = YES;
				CLANG_WARN_COMMA = YES;
				CLANG_WARN_CONSTANT_CONVERSION = YES;
				CLANG_WARN_DEPRECATED_OBJC_IMPLEMENTATIONS = YES;
				CLANG_WARN_DIRECT_OBJC_ISA_USAGE = YES_ERROR;
				CLANG_WARN_DOCUMENTATION_COMMENTS = YES;
				CLANG_WARN_EMPTY_BODY = YES;
				CLANG_WARN_ENUM_CONVERSION = YES;
				CLANG_WARN_INFINITE_RECURSION = YES;
				CLANG_WARN_INT_CONVERSION = YES;
				CLANG_WARN_NON_LITERAL_NULL_CONVERSION = YES;
				CLANG_WARN_OBJC_IMPLICIT_RETAIN_SELF = YES;
				CLANG_WARN_OBJC_LITERAL_CONVERSION = YES;
				CLANG_WARN_OBJC_ROOT_CLASS = YES_ERROR;
				CLANG_WARN_QUOTED_INCLUDE_IN_FRAMEWORK_HEADER = YES;
				CLANG_WARN_RANGE_LOOP_ANALYSIS = YES;
				CLANG_WARN_STRICT_PROTOTYPES = YES;
				CLANG_WARN_SUSPICIOUS_MOVE = YES;
				CLANG_WARN_UNGUARDED_AVAILABILITY = YES_AGGRESSIVE;
				CLANG_WARN_UNREACHABLE_CODE = YES;
				CLANG_WARN__DUPLICATE_METHOD_MATCH = YES;
				COPY_PHASE_STRIP = NO;
				DEBUG_INFORMATION_FORMAT = "dwarf-with-dsym";
				ENABLE_NS_ASSERTIONS = NO;
				ENABLE_STRICT_OBJC_MSGSEND = YES;
				ENABLE_USER_SCRIPT_SANDBOXING = YES;
				GCC_C_LANGUAGE_STANDARD = gnu17;
				GCC_NO_COMMON_BLOCKS = YES;
				GCC_WARN_64_TO_32_BIT_CONVERSION = YES;
				GCC_WARN_ABOUT_RETURN_TYPE = YES_ERROR;
				GCC_WARN_UNDECLARED_SELECTOR = YES;
				GCC_WARN_UNINITIALIZED_AUTOS = YES_AGGRESSIVE;
				GCC_WARN_UNUSED_FUNCTION = YES;
				GCC_WARN_UNUSED_VARIABLE = YES;
				IPHONEOS_DEPLOYMENT_TARGET = 17.0;
				LOCALIZATION_PREFERS_STRING_CATALOGS = YES;
				MTL_ENABLE_DEBUG_INFO = NO;
				MTL_FAST_MATH = YES;
				SDKROOT = iphoneos;
				SWIFT_COMPILATION_MODE = wholemodule;
				VALIDATE_PRODUCT = YES;
			};
			name = Release;
		};
		EDC5F09A2ABBA6730087667F /* Debug */ = {
			isa = XCBuildConfiguration;
			buildSettings = {
				ASSETCATALOG_COMPILER_APPICON_NAME = AppIcon;
				ASSETCATALOG_COMPILER_GLOBAL_ACCENT_COLOR_NAME = AccentColor;
				CODE_SIGN_ENTITLEMENTS = Yubi3/Yubi3.entitlements;
				CODE_SIGN_STYLE = Automatic;
				CURRENT_PROJECT_VERSION = 1;
				DEVELOPMENT_ASSET_PATHS = "\"Yubi3/Preview Content\"";
				DEVELOPMENT_TEAM = K78G42H4U2;
				ENABLE_PREVIEWS = YES;
				GENERATE_INFOPLIST_FILE = YES;
				INFOPLIST_FILE = Yubi3/Info.plist;
				INFOPLIST_KEY_UIApplicationSceneManifest_Generation = YES;
				INFOPLIST_KEY_UIApplicationSupportsIndirectInputEvents = YES;
				INFOPLIST_KEY_UILaunchScreen_Generation = YES;
				INFOPLIST_KEY_UISupportedInterfaceOrientations_iPad = "UIInterfaceOrientationPortrait UIInterfaceOrientationPortraitUpsideDown UIInterfaceOrientationLandscapeLeft UIInterfaceOrientationLandscapeRight";
				INFOPLIST_KEY_UISupportedInterfaceOrientations_iPhone = "UIInterfaceOrientationPortrait UIInterfaceOrientationLandscapeLeft UIInterfaceOrientationLandscapeRight";
				LD_RUNPATH_SEARCH_PATHS = (
					"$(inherited)",
					"@executable_path/Frameworks",
				);
				MARKETING_VERSION = 1.0;
				PRODUCT_BUNDLE_IDENTIFIER = com.joeblau.Yubi3;
				PRODUCT_NAME = "$(TARGET_NAME)";
				SWIFT_EMIT_LOC_STRINGS = YES;
				SWIFT_OBJC_BRIDGING_HEADER = "Yubi3/Yubi3-Bridging-Header.h";
				SWIFT_VERSION = 5.0;
				TARGETED_DEVICE_FAMILY = "1,2";
			};
			name = Debug;
		};
		EDC5F09B2ABBA6730087667F /* Release */ = {
			isa = XCBuildConfiguration;
			buildSettings = {
				ASSETCATALOG_COMPILER_APPICON_NAME = AppIcon;
				ASSETCATALOG_COMPILER_GLOBAL_ACCENT_COLOR_NAME = AccentColor;
				CODE_SIGN_ENTITLEMENTS = Yubi3/Yubi3.entitlements;
				CODE_SIGN_STYLE = Automatic;
				CURRENT_PROJECT_VERSION = 1;
				DEVELOPMENT_ASSET_PATHS = "\"Yubi3/Preview Content\"";
				DEVELOPMENT_TEAM = K78G42H4U2;
				ENABLE_PREVIEWS = YES;
				GENERATE_INFOPLIST_FILE = YES;
				INFOPLIST_FILE = Yubi3/Info.plist;
				INFOPLIST_KEY_UIApplicationSceneManifest_Generation = YES;
				INFOPLIST_KEY_UIApplicationSupportsIndirectInputEvents = YES;
				INFOPLIST_KEY_UILaunchScreen_Generation = YES;
				INFOPLIST_KEY_UISupportedInterfaceOrientations_iPad = "UIInterfaceOrientationPortrait UIInterfaceOrientationPortraitUpsideDown UIInterfaceOrientationLandscapeLeft UIInterfaceOrientationLandscapeRight";
				INFOPLIST_KEY_UISupportedInterfaceOrientations_iPhone = "UIInterfaceOrientationPortrait UIInterfaceOrientationLandscapeLeft UIInterfaceOrientationLandscapeRight";
				LD_RUNPATH_SEARCH_PATHS = (
					"$(inherited)",
					"@executable_path/Frameworks",
				);
				MARKETING_VERSION = 1.0;
				PRODUCT_BUNDLE_IDENTIFIER = com.joeblau.Yubi3;
				PRODUCT_NAME = "$(TARGET_NAME)";
				SWIFT_EMIT_LOC_STRINGS = YES;
				SWIFT_OBJC_BRIDGING_HEADER = "Yubi3/Yubi3-Bridging-Header.h";
				SWIFT_VERSION = 5.0;
				TARGETED_DEVICE_FAMILY = "1,2";
			};
			name = Release;
		};
/* End XCBuildConfiguration section */

/* Begin XCConfigurationList section */
		EDC5F0842ABBA6720087667F /* Build configuration list for PBXProject "Yubi3" */ = {
			isa = XCConfigurationList;
			buildConfigurations = (
				EDC5F0972ABBA6730087667F /* Debug */,
				EDC5F0982ABBA6730087667F /* Release */,
			);
			defaultConfigurationIsVisible = 0;
			defaultConfigurationName = Release;
		};
		EDC5F0992ABBA6730087667F /* Build configuration list for PBXNativeTarget "Yubi3" */ = {
			isa = XCConfigurationList;
			buildConfigurations = (
				EDC5F09A2ABBA6730087667F /* Debug */,
				EDC5F09B2ABBA6730087667F /* Release */,
			);
			defaultConfigurationIsVisible = 0;
			defaultConfigurationName = Release;
		};
/* End XCConfigurationList section */

/* Begin XCRemoteSwiftPackageReference section */
		EDE55F4D2ABBA723003935FA /* XCRemoteSwiftPackageReference "yubikit-ios" */ = {
			isa = XCRemoteSwiftPackageReference;
			repositoryURL = "https://github.com/Yubico/yubikit-ios";
			requirement = {
				kind = upToNextMajorVersion;
				minimumVersion = 4.4.0;
			};
		};
/* End XCRemoteSwiftPackageReference section */

/* Begin XCSwiftPackageProductDependency section */
		EDE55F4E2ABBA723003935FA /* YubiKit */ = {
			isa = XCSwiftPackageProductDependency;
			package = EDE55F4D2ABBA723003935FA /* XCRemoteSwiftPackageReference "yubikit-ios" */;
			productName = YubiKit;
		};
/* End XCSwiftPackageProductDependency section */
	};
	rootObject = EDC5F0812ABBA6720087667F /* Project object */;
}
